// !$*UTF8*$!
{
	archiveVersion = 1;
	classes = {
	};
	objectVersion = 46;
	objects = {

/* Begin PBXBuildFile section */
		2A3990E3ADA1686A89A3012D /* libPods-YoutubeAPIv3_Object-C.a in Frameworks */ = {isa = PBXBuildFile; fileRef = 43CFF5327BA102AC64E8175C /* libPods-YoutubeAPIv3_Object-C.a */; };
		AB0345E41D19869900F50CE4 /* main.m in Sources */ = {isa = PBXBuildFile; fileRef = AB0345E31D19869900F50CE4 /* main.m */; };
		AB0345E71D19869900F50CE4 /* AppDelegate.m in Sources */ = {isa = PBXBuildFile; fileRef = AB0345E61D19869900F50CE4 /* AppDelegate.m */; };
		AB0345F01D19869900F50CE4 /* Main.storyboard in Resources */ = {isa = PBXBuildFile; fileRef = AB0345EE1D19869900F50CE4 /* Main.storyboard */; };
		AB0345F21D19869900F50CE4 /* Assets.xcassets in Resources */ = {isa = PBXBuildFile; fileRef = AB0345F11D19869900F50CE4 /* Assets.xcassets */; };
		AB0345F51D19869900F50CE4 /* LaunchScreen.storyboard in Resources */ = {isa = PBXBuildFile; fileRef = AB0345F31D19869900F50CE4 /* LaunchScreen.storyboard */; };
		AB0345FE1D19882E00F50CE4 /* HomeViewController.m in Sources */ = {isa = PBXBuildFile; fileRef = AB0345FD1D19882E00F50CE4 /* HomeViewController.m */; };
		AB0346011D19884200F50CE4 /* SearchViewController.m in Sources */ = {isa = PBXBuildFile; fileRef = AB0346001D19884200F50CE4 /* SearchViewController.m */; };
		AB0346051D19984100F50CE4 /* VideoCollectionCell.m in Sources */ = {isa = PBXBuildFile; fileRef = AB0346031D19984100F50CE4 /* VideoCollectionCell.m */; };
		AB0346061D19984100F50CE4 /* VideoCollectionCell.xib in Resources */ = {isa = PBXBuildFile; fileRef = AB0346041D19984100F50CE4 /* VideoCollectionCell.xib */; };
		AB03460A1D19987600F50CE4 /* PlayViewController.m in Sources */ = {isa = PBXBuildFile; fileRef = AB0346081D19987600F50CE4 /* PlayViewController.m */; };
		AB03460B1D19987600F50CE4 /* PlayViewController.xib in Resources */ = {isa = PBXBuildFile; fileRef = AB0346091D19987600F50CE4 /* PlayViewController.xib */; };
/* End PBXBuildFile section */

/* Begin PBXFileReference section */
		43CFF5327BA102AC64E8175C /* libPods-YoutubeAPIv3_Object-C.a */ = {isa = PBXFileReference; explicitFileType = archive.ar; includeInIndex = 0; path = "libPods-YoutubeAPIv3_Object-C.a"; sourceTree = BUILT_PRODUCTS_DIR; };
		89AFD01CDABCE03A466BC302 /* Pods-YoutubeAPIv3_Object-C.release.xcconfig */ = {isa = PBXFileReference; includeInIndex = 1; lastKnownFileType = text.xcconfig; name = "Pods-YoutubeAPIv3_Object-C.release.xcconfig"; path = "Pods/Target Support Files/Pods-YoutubeAPIv3_Object-C/Pods-YoutubeAPIv3_Object-C.release.xcconfig"; sourceTree = "<group>"; };
		AB0345DF1D19869900F50CE4 /* YoutubeAPIv3_Object-C.app */ = {isa = PBXFileReference; explicitFileType = wrapper.application; includeInIndex = 0; path = "YoutubeAPIv3_Object-C.app"; sourceTree = BUILT_PRODUCTS_DIR; };
		AB0345E31D19869900F50CE4 /* main.m */ = {isa = PBXFileReference; lastKnownFileType = sourcecode.c.objc; path = main.m; sourceTree = "<group>"; };
		AB0345E51D19869900F50CE4 /* AppDelegate.h */ = {isa = PBXFileReference; lastKnownFileType = sourcecode.c.h; path = AppDelegate.h; sourceTree = "<group>"; };
		AB0345E61D19869900F50CE4 /* AppDelegate.m */ = {isa = PBXFileReference; lastKnownFileType = sourcecode.c.objc; path = AppDelegate.m; sourceTree = "<group>"; };
		AB0345EF1D19869900F50CE4 /* Base */ = {isa = PBXFileReference; lastKnownFileType = file.storyboard; name = Base; path = Base.lproj/Main.storyboard; sourceTree = "<group>"; };
		AB0345F11D19869900F50CE4 /* Assets.xcassets */ = {isa = PBXFileReference; lastKnownFileType = folder.assetcatalog; path = Assets.xcassets; sourceTree = "<group>"; };
		AB0345F41D19869900F50CE4 /* Base */ = {isa = PBXFileReference; lastKnownFileType = file.storyboard; name = Base; path = Base.lproj/LaunchScreen.storyboard; sourceTree = "<group>"; };
		AB0345F61D19869900F50CE4 /* Info.plist */ = {isa = PBXFileReference; lastKnownFileType = text.plist.xml; path = Info.plist; sourceTree = "<group>"; };
		AB0345FC1D19882E00F50CE4 /* HomeViewController.h */ = {isa = PBXFileReference; fileEncoding = 4; lastKnownFileType = sourcecode.c.h; path = HomeViewController.h; sourceTree = "<group>"; };
		AB0345FD1D19882E00F50CE4 /* HomeViewController.m */ = {isa = PBXFileReference; fileEncoding = 4; lastKnownFileType = sourcecode.c.objc; path = HomeViewController.m; sourceTree = "<group>"; };
		AB0345FF1D19884200F50CE4 /* SearchViewController.h */ = {isa = PBXFileReference; fileEncoding = 4; lastKnownFileType = sourcecode.c.h; path = SearchViewController.h; sourceTree = "<group>"; };
		AB0346001D19884200F50CE4 /* SearchViewController.m */ = {isa = PBXFileReference; fileEncoding = 4; lastKnownFileType = sourcecode.c.objc; path = SearchViewController.m; sourceTree = "<group>"; };
		AB0346021D19984100F50CE4 /* VideoCollectionCell.h */ = {isa = PBXFileReference; fileEncoding = 4; lastKnownFileType = sourcecode.c.h; path = VideoCollectionCell.h; sourceTree = "<group>"; };
		AB0346031D19984100F50CE4 /* VideoCollectionCell.m */ = {isa = PBXFileReference; fileEncoding = 4; lastKnownFileType = sourcecode.c.objc; path = VideoCollectionCell.m; sourceTree = "<group>"; };
		AB0346041D19984100F50CE4 /* VideoCollectionCell.xib */ = {isa = PBXFileReference; fileEncoding = 4; lastKnownFileType = file.xib; path = VideoCollectionCell.xib; sourceTree = "<group>"; };
		AB0346071D19987600F50CE4 /* PlayViewController.h */ = {isa = PBXFileReference; fileEncoding = 4; lastKnownFileType = sourcecode.c.h; path = PlayViewController.h; sourceTree = "<group>"; };
		AB0346081D19987600F50CE4 /* PlayViewController.m */ = {isa = PBXFileReference; fileEncoding = 4; lastKnownFileType = sourcecode.c.objc; path = PlayViewController.m; sourceTree = "<group>"; };
		AB0346091D19987600F50CE4 /* PlayViewController.xib */ = {isa = PBXFileReference; fileEncoding = 4; lastKnownFileType = file.xib; path = PlayViewController.xib; sourceTree = "<group>"; };
		E830D42ED10B7A4883E2FCE4 /* Pods-YoutubeAPIv3_Object-C.debug.xcconfig */ = {isa = PBXFileReference; includeInIndex = 1; lastKnownFileType = text.xcconfig; name = "Pods-YoutubeAPIv3_Object-C.debug.xcconfig"; path = "Pods/Target Support Files/Pods-YoutubeAPIv3_Object-C/Pods-YoutubeAPIv3_Object-C.debug.xcconfig"; sourceTree = "<group>"; };
/* End PBXFileReference section */

/* Begin PBXFrameworksBuildPhase section */
		AB0345DC1D19869900F50CE4 /* Frameworks */ = {
			isa = PBXFrameworksBuildPhase;
			buildActionMask = 2147483647;
			files = (
				2A3990E3ADA1686A89A3012D /* libPods-YoutubeAPIv3_Object-C.a in Frameworks */,
			);
			runOnlyForDeploymentPostprocessing = 0;
		};
/* End PBXFrameworksBuildPhase section */

/* Begin PBXGroup section */
		5F21C13C261340C0A09E79C0 /* Pods */ = {
			isa = PBXGroup;
			children = (
				E830D42ED10B7A4883E2FCE4 /* Pods-YoutubeAPIv3_Object-C.debug.xcconfig */,
				89AFD01CDABCE03A466BC302 /* Pods-YoutubeAPIv3_Object-C.release.xcconfig */,
			);
			name = Pods;
			sourceTree = "<group>";
		};
		AB0345D61D19869900F50CE4 = {
			isa = PBXGroup;
			children = (
				AB0345E11D19869900F50CE4 /* YoutubeAPIv3_Object-C */,
				AB0345E01D19869900F50CE4 /* Products */,
				5F21C13C261340C0A09E79C0 /* Pods */,
				B7780A1C082348F05448FE9E /* Frameworks */,
			);
			sourceTree = "<group>";
		};
		AB0345E01D19869900F50CE4 /* Products */ = {
			isa = PBXGroup;
			children = (
				AB0345DF1D19869900F50CE4 /* YoutubeAPIv3_Object-C.app */,
			);
			name = Products;
			sourceTree = "<group>";
		};
		AB0345E11D19869900F50CE4 /* YoutubeAPIv3_Object-C */ = {
			isa = PBXGroup;
			children = (
				AB0345E51D19869900F50CE4 /* AppDelegate.h */,
				AB0345E61D19869900F50CE4 /* AppDelegate.m */,
				AB0345FC1D19882E00F50CE4 /* HomeViewController.h */,
				AB0345FD1D19882E00F50CE4 /* HomeViewController.m */,
				AB0346021D19984100F50CE4 /* VideoCollectionCell.h */,
				AB0346031D19984100F50CE4 /* VideoCollectionCell.m */,
				AB0346041D19984100F50CE4 /* VideoCollectionCell.xib */,
				AB0346071D19987600F50CE4 /* PlayViewController.h */,
				AB0346081D19987600F50CE4 /* PlayViewController.m */,
				AB0346091D19987600F50CE4 /* PlayViewController.xib */,
				AB0345FF1D19884200F50CE4 /* SearchViewController.h */,
				AB0346001D19884200F50CE4 /* SearchViewController.m */,
				AB0345EE1D19869900F50CE4 /* Main.storyboard */,
				AB0345F11D19869900F50CE4 /* Assets.xcassets */,
				AB0345F31D19869900F50CE4 /* LaunchScreen.storyboard */,
				AB0345F61D19869900F50CE4 /* Info.plist */,
				AB0345E21D19869900F50CE4 /* Supporting Files */,
			);
			path = "YoutubeAPIv3_Object-C";
			sourceTree = "<group>";
		};
		AB0345E21D19869900F50CE4 /* Supporting Files */ = {
			isa = PBXGroup;
			children = (
				AB0345E31D19869900F50CE4 /* main.m */,
			);
			name = "Supporting Files";
			sourceTree = "<group>";
		};
		B7780A1C082348F05448FE9E /* Frameworks */ = {
			isa = PBXGroup;
			children = (
				43CFF5327BA102AC64E8175C /* libPods-YoutubeAPIv3_Object-C.a */,
			);
			name = Frameworks;
			sourceTree = "<group>";
		};
/* End PBXGroup section */

/* Begin PBXNativeTarget section */
		AB0345DE1D19869900F50CE4 /* YoutubeAPIv3_Object-C */ = {
			isa = PBXNativeTarget;
			buildConfigurationList = AB0345F91D19869900F50CE4 /* Build configuration list for PBXNativeTarget "YoutubeAPIv3_Object-C" */;
			buildPhases = (
				ACE09051F1717180D4A42015 /* 📦 Check Pods Manifest.lock */,
				AB0345DB1D19869900F50CE4 /* Sources */,
				AB0345DC1D19869900F50CE4 /* Frameworks */,
				AB0345DD1D19869900F50CE4 /* Resources */,
				952B9F444379AEE953AA85FF /* 📦 Embed Pods Frameworks */,
				D8CA6AEA0ACBEA6C4E5C2948 /* 📦 Copy Pods Resources */,
			);
			buildRules = (
			);
			dependencies = (
			);
			name = "YoutubeAPIv3_Object-C";
			productName = "YoutubeAPIv3_Object-C";
			productReference = AB0345DF1D19869900F50CE4 /* YoutubeAPIv3_Object-C.app */;
			productType = "com.apple.product-type.application";
		};
/* End PBXNativeTarget section */

/* Begin PBXProject section */
		AB0345D71D19869900F50CE4 /* Project object */ = {
			isa = PBXProject;
			attributes = {
				LastUpgradeCheck = 0730;
				ORGANIZATIONNAME = "涂安廷";
				TargetAttributes = {
					AB0345DE1D19869900F50CE4 = {
						CreatedOnToolsVersion = 7.3.1;
					};
				};
			};
			buildConfigurationList = AB0345DA1D19869900F50CE4 /* Build configuration list for PBXProject "YoutubeAPIv3_Object-C" */;
			compatibilityVersion = "Xcode 3.2";
			developmentRegion = English;
			hasScannedForEncodings = 0;
			knownRegions = (
				en,
				Base,
			);
			mainGroup = AB0345D61D19869900F50CE4;
			productRefGroup = AB0345E01D19869900F50CE4 /* Products */;
			projectDirPath = "";
			projectRoot = "";
			targets = (
				AB0345DE1D19869900F50CE4 /* YoutubeAPIv3_Object-C */,
			);
		};
/* End PBXProject section */

/* Begin PBXResourcesBuildPhase section */
		AB0345DD1D19869900F50CE4 /* Resources */ = {
			isa = PBXResourcesBuildPhase;
			buildActionMask = 2147483647;
			files = (
				AB0345F51D19869900F50CE4 /* LaunchScreen.storyboard in Resources */,
				AB0345F21D19869900F50CE4 /* Assets.xcassets in Resources */,
				AB0345F01D19869900F50CE4 /* Main.storyboard in Resources */,
				AB0346061D19984100F50CE4 /* VideoCollectionCell.xib in Resources */,
				AB03460B1D19987600F50CE4 /* PlayViewController.xib in Resources */,
			);
			runOnlyForDeploymentPostprocessing = 0;
		};
/* End PBXResourcesBuildPhase section */

/* Begin PBXShellScriptBuildPhase section */
		952B9F444379AEE953AA85FF /* 📦 Embed Pods Frameworks */ = {
			isa = PBXShellScriptBuildPhase;
			buildActionMask = 2147483647;
			files = (
			);
			inputPaths = (
			);
			name = "📦 Embed Pods Frameworks";
			outputPaths = (
			);
			runOnlyForDeploymentPostprocessing = 0;
			shellPath = /bin/sh;
			shellScript = "\"${SRCROOT}/Pods/Target Support Files/Pods-YoutubeAPIv3_Object-C/Pods-YoutubeAPIv3_Object-C-frameworks.sh\"\n";
			showEnvVarsInLog = 0;
		};
		ACE09051F1717180D4A42015 /* 📦 Check Pods Manifest.lock */ = {
			isa = PBXShellScriptBuildPhase;
			buildActionMask = 2147483647;
			files = (
			);
			inputPaths = (
			);
			name = "📦 Check Pods Manifest.lock";
			outputPaths = (
			);
			runOnlyForDeploymentPostprocessing = 0;
			shellPath = /bin/sh;
			shellScript = "diff \"${PODS_ROOT}/../Podfile.lock\" \"${PODS_ROOT}/Manifest.lock\" > /dev/null\nif [[ $? != 0 ]] ; then\n    cat << EOM\nerror: The sandbox is not in sync with the Podfile.lock. Run 'pod install' or update your CocoaPods installation.\nEOM\n    exit 1\nfi\n";
			showEnvVarsInLog = 0;
		};
		D8CA6AEA0ACBEA6C4E5C2948 /* 📦 Copy Pods Resources */ = {
			isa = PBXShellScriptBuildPhase;
			buildActionMask = 2147483647;
			files = (
			);
			inputPaths = (
			);
			name = "📦 Copy Pods Resources";
			outputPaths = (
			);
			runOnlyForDeploymentPostprocessing = 0;
			shellPath = /bin/sh;
			shellScript = "\"${SRCROOT}/Pods/Target Support Files/Pods-YoutubeAPIv3_Object-C/Pods-YoutubeAPIv3_Object-C-resources.sh\"\n";
			showEnvVarsInLog = 0;
		};
/* End PBXShellScriptBuildPhase section */

/* Begin PBXSourcesBuildPhase section */
		AB0345DB1D19869900F50CE4 /* Sources */ = {
			isa = PBXSourcesBuildPhase;
			buildActionMask = 2147483647;
			files = (
				AB0346051D19984100F50CE4 /* VideoCollectionCell.m in Sources */,
				AB0345E71D19869900F50CE4 /* AppDelegate.m in Sources */,
				AB0345E41D19869900F50CE4 /* main.m in Sources */,
				AB0346011D19884200F50CE4 /* SearchViewController.m in Sources */,
				AB03460A1D19987600F50CE4 /* PlayViewController.m in Sources */,
				AB0345FE1D19882E00F50CE4 /* HomeViewController.m in Sources */,
			);
			runOnlyForDeploymentPostprocessing = 0;
		};
/* End PBXSourcesBuildPhase section */

/* Begin PBXVariantGroup section */
		AB0345EE1D19869900F50CE4 /* Main.storyboard */ = {
			isa = PBXVariantGroup;
			children = (
				AB0345EF1D19869900F50CE4 /* Base */,
			);
			name = Main.storyboard;
			sourceTree = "<group>";
		};
		AB0345F31D19869900F50CE4 /* LaunchScreen.storyboard */ = {
			isa = PBXVariantGroup;
			children = (
				AB0345F41D19869900F50CE4 /* Base */,
			);
			name = LaunchScreen.storyboard;
			sourceTree = "<group>";
		};
/* End PBXVariantGroup section */

/* Begin XCBuildConfiguration section */
		AB0345F71D19869900F50CE4 /* Debug */ = {
			isa = XCBuildConfiguration;
			buildSettings = {
				ALWAYS_SEARCH_USER_PATHS = NO;
				CLANG_ANALYZER_NONNULL = YES;
				CLANG_CXX_LANGUAGE_STANDARD = "gnu++0x";
				CLANG_CXX_LIBRARY = "libc++";
				CLANG_ENABLE_MODULES = YES;
				CLANG_ENABLE_OBJC_ARC = YES;
				CLANG_WARN_BOOL_CONVERSION = YES;
				CLANG_WARN_CONSTANT_CONVERSION = YES;
				CLANG_WARN_DIRECT_OBJC_ISA_USAGE = YES_ERROR;
				CLANG_WARN_EMPTY_BODY = YES;
				CLANG_WARN_ENUM_CONVERSION = YES;
				CLANG_WARN_INT_CONVERSION = YES;
				CLANG_WARN_OBJC_ROOT_CLASS = YES_ERROR;
				CLANG_WARN_UNREACHABLE_CODE = YES;
				CLANG_WARN__DUPLICATE_METHOD_MATCH = YES;
				"CODE_SIGN_IDENTITY[sdk=iphoneos*]" = "iPhone Developer";
				COPY_PHASE_STRIP = NO;
				DEBUG_INFORMATION_FORMAT = dwarf;
				ENABLE_STRICT_OBJC_MSGSEND = YES;
				ENABLE_TESTABILITY = YES;
				GCC_C_LANGUAGE_STANDARD = gnu99;
				GCC_DYNAMIC_NO_PIC = NO;
				GCC_NO_COMMON_BLOCKS = YES;
				GCC_OPTIMIZATION_LEVEL = 0;
				GCC_PREPROCESSOR_DEFINITIONS = (
					"DEBUG=1",
					"$(inherited)",
				);
				GCC_WARN_64_TO_32_BIT_CONVERSION = YES;
				GCC_WARN_ABOUT_RETURN_TYPE = YES_ERROR;
				GCC_WARN_UNDECLARED_SELECTOR = YES;
				GCC_WARN_UNINITIALIZED_AUTOS = YES_AGGRESSIVE;
				GCC_WARN_UNUSED_FUNCTION = YES;
				GCC_WARN_UNUSED_VARIABLE = YES;
				IPHONEOS_DEPLOYMENT_TARGET = 9.3;
				MTL_ENABLE_DEBUG_INFO = YES;
				ONLY_ACTIVE_ARCH = YES;
				SDKROOT = iphoneos;
			};
			name = Debug;
		};
		AB0345F81D19869900F50CE4 /* Release */ = {
			isa = XCBuildConfiguration;
			buildSettings = {
				ALWAYS_SEARCH_USER_PATHS = NO;
				CLANG_ANALYZER_NONNULL = YES;
				CLANG_CXX_LANGUAGE_STANDARD = "gnu++0x";
				CLANG_CXX_LIBRARY = "libc++";
				CLANG_ENABLE_MODULES = YES;
				CLANG_ENABLE_OBJC_ARC = YES;
				CLANG_WARN_BOOL_CONVERSION = YES;
				CLANG_WARN_CONSTANT_CONVERSION = YES;
				CLANG_WARN_DIRECT_OBJC_ISA_USAGE = YES_ERROR;
				CLANG_WARN_EMPTY_BODY = YES;
				CLANG_WARN_ENUM_CONVERSION = YES;
				CLANG_WARN_INT_CONVERSION = YES;
				CLANG_WARN_OBJC_ROOT_CLASS = YES_ERROR;
				CLANG_WARN_UNREACHABLE_CODE = YES;
				CLANG_WARN__DUPLICATE_METHOD_MATCH = YES;
				"CODE_SIGN_IDENTITY[sdk=iphoneos*]" = "iPhone Developer";
				COPY_PHASE_STRIP = NO;
				DEBUG_INFORMATION_FORMAT = "dwarf-with-dsym";
				ENABLE_NS_ASSERTIONS = NO;
				ENABLE_STRICT_OBJC_MSGSEND = YES;
				GCC_C_LANGUAGE_STANDARD = gnu99;
				GCC_NO_COMMON_BLOCKS = YES;
				GCC_WARN_64_TO_32_BIT_CONVERSION = YES;
				GCC_WARN_ABOUT_RETURN_TYPE = YES_ERROR;
				GCC_WARN_UNDECLARED_SELECTOR = YES;
				GCC_WARN_UNINITIALIZED_AUTOS = YES_AGGRESSIVE;
				GCC_WARN_UNUSED_FUNCTION = YES;
				GCC_WARN_UNUSED_VARIABLE = YES;
				IPHONEOS_DEPLOYMENT_TARGET = 9.3;
				MTL_ENABLE_DEBUG_INFO = NO;
				SDKROOT = iphoneos;
				VALIDATE_PRODUCT = YES;
			};
			name = Release;
		};
		AB0345FA1D19869900F50CE4 /* Debug */ = {
			isa = XCBuildConfiguration;
			baseConfigurationReference = E830D42ED10B7A4883E2FCE4 /* Pods-YoutubeAPIv3_Object-C.debug.xcconfig */;
			buildSettings = {
				ASSETCATALOG_COMPILER_APPICON_NAME = AppIcon;
				INFOPLIST_FILE = "YoutubeAPIv3_Object-C/Info.plist";
				LD_RUNPATH_SEARCH_PATHS = "$(inherited) @executable_path/Frameworks";
				PRODUCT_BUNDLE_IDENTIFIER = "com.twenty20.hello.YoutubeAPIv3-Object-C";
				PRODUCT_NAME = "$(TARGET_NAME)";
			};
			name = Debug;
		};
		AB0345FB1D19869900F50CE4 /* Release */ = {
			isa = XCBuildConfiguration;
			baseConfigurationReference = 89AFD01CDABCE03A466BC302 /* Pods-YoutubeAPIv3_Object-C.release.xcconfig */;
			buildSettings = {
				ASSETCATALOG_COMPILER_APPICON_NAME = AppIcon;
				INFOPLIST_FILE = "YoutubeAPIv3_Object-C/Info.plist";
				LD_RUNPATH_SEARCH_PATHS = "$(inherited) @executable_path/Frameworks";
				PRODUCT_BUNDLE_IDENTIFIER = "com.twenty20.hello.YoutubeAPIv3-Object-C";
				PRODUCT_NAME = "$(TARGET_NAME)";
			};
			name = Release;
		};
/* End XCBuildConfiguration section */

/* Begin XCConfigurationList section */
		AB0345DA1D19869900F50CE4 /* Build configuration list for PBXProject "YoutubeAPIv3_Object-C" */ = {
			isa = XCConfigurationList;
			buildConfigurations = (
				AB0345F71D19869900F50CE4 /* Debug */,
				AB0345F81D19869900F50CE4 /* Release */,
			);
			defaultConfigurationIsVisible = 0;
			defaultConfigurationName = Release;
		};
		AB0345F91D19869900F50CE4 /* Build configuration list for PBXNativeTarget "YoutubeAPIv3_Object-C" */ = {
			isa = XCConfigurationList;
			buildConfigurations = (
				AB0345FA1D19869900F50CE4 /* Debug */,
				AB0345FB1D19869900F50CE4 /* Release */,
			);
			defaultConfigurationIsVisible = 0;
			defaultConfigurationName = Release;
		};
/* End XCConfigurationList section */
	};
	rootObject = AB0345D71D19869900F50CE4 /* Project object */;
}
